{
  "version": 4,
  "terraform_version": "1.1.0",
  "serial": 419,
  "lineage": "cd2c655e-6c5f-d2e6-3bf9-26bfa4a352a8",
  "outputs": {
    "hubID": {
      "value": "projects/meraki-vmx-398309/locations/global/hubs/gcphub",
      "type": "string"
    },
    "instance_selflink": {
      "value": "https://www.googleapis.com/compute/v1/projects/meraki-vmx-398309/zones/us-east1-b/instances/us-hub01",
      "type": "string"
    }
  },
  "resources": [
    {
      "mode": "data",
      "type": "terraform_remote_state",
      "name": "localtfstate",
      "provider": "provider[\"terraform.io/builtin/terraform\"]",
      "instances": [
        {
          "schema_version": 0,
          "attributes": {
            "backend": "local",
            "config": {
              "value": {
                "path": "terraform.tfstate"
              },
              "type": [
                "object",
                {
                  "path": "string"
                }
              ]
            },
            "defaults": null,
            "outputs": {
              "value": {
                "hubID": "projects/meraki-vmx-398309/locations/global/hubs/gcphub"
              },
              "type": [
                "object",
                {
                  "hubID": "string"
                }
              ]
            },
            "workspace": null
          },
          "sensitive_attributes": []
        }
      ]
    },
    {
      "mode": "managed",
      "type": "null_resource",
      "name": "wait_for_output_ncchub",
      "provider": "provider[\"registry.terraform.io/hashicorp/null\"]",
      "instances": [
        {
          "schema_version": 0,
          "attributes": {
            "id": "7058003408476097602",
            "triggers": {
              "module_output_dependency_ncchub": "projects/meraki-vmx-398309/locations/global/hubs/gcphub"
            }
          },
          "sensitive_attributes": [],
          "dependencies": [
            "data.terraform_remote_state.localtfstate",
            "module.create_ncc.google_network_connectivity_hub.my_hub",
            "module.create_vpc.google_compute_network.my_network",
            "module.create_vpc.google_compute_subnetwork.my_subnet"
          ]
        }
      ]
    },
    {
      "module": "module.create_compute",
      "mode": "data",
      "type": "google_compute_network",
      "name": "my_network",
      "provider": "provider[\"registry.terraform.io/hashicorp/google\"]",
      "instances": [
        {
          "schema_version": 0,
          "attributes": {
            "description": "",
            "gateway_ipv4": "",
            "id": "projects/meraki-vmx-398309/global/networks/hub-vpc",
            "name": "hub-vpc",
            "project": null,
            "self_link": "https://www.googleapis.com/compute/v1/projects/meraki-vmx-398309/global/networks/hub-vpc",
            "subnetworks_self_links": [
              "https://www.googleapis.com/compute/v1/projects/meraki-vmx-398309/regions/us-east1/subnetworks/vmx-subnet"
            ]
          },
          "sensitive_attributes": []
        }
      ]
    },
    {
      "module": "module.create_compute",
      "mode": "data",
      "type": "google_compute_subnetwork",
      "name": "my_subnet",
      "provider": "provider[\"registry.terraform.io/hashicorp/google\"]",
      "instances": [
        {
          "schema_version": 0,
          "attributes": {
            "description": "",
            "gateway_address": "192.168.10.1",
            "id": "projects/meraki-vmx-398309/regions/us-east1/subnetworks/vmx-subnet",
            "ip_cidr_range": "192.168.10.0/24",
            "name": "vmx-subnet",
            "network": "https://www.googleapis.com/compute/v1/projects/meraki-vmx-398309/global/networks/hub-vpc",
            "private_ip_google_access": false,
            "project": "meraki-vmx-398309",
            "region": "us-east1",
            "secondary_ip_range": [],
            "self_link": "https://www.googleapis.com/compute/v1/projects/meraki-vmx-398309/regions/us-east1/subnetworks/vmx-subnet"
          },
          "sensitive_attributes": []
        }
      ]
    },
    {
      "module": "module.create_compute",
      "mode": "managed",
      "type": "google_compute_instance",
      "name": "my_instance",
      "provider": "provider[\"registry.terraform.io/hashicorp/google\"]",
      "instances": [
        {
          "schema_version": 6,
          "attributes": {
            "advanced_machine_features": [],
            "allow_stopping_for_update": null,
            "attached_disk": [],
            "boot_disk": [
              {
                "auto_delete": true,
                "device_name": "persistent-disk-0",
                "disk_encryption_key_raw": "",
                "disk_encryption_key_sha256": "",
                "initialize_params": [
                  {
                    "image": "https://www.googleapis.com/compute/v1/projects/cisco-public/global/images/meraki-vmx-16-10",
                    "labels": {},
                    "resource_manager_tags": null,
                    "size": 3,
                    "type": "pd-standard"
                  }
                ],
                "kms_key_self_link": "",
                "mode": "READ_WRITE",
                "source": "https://www.googleapis.com/compute/v1/projects/meraki-vmx-398309/zones/us-east1-b/disks/us-hub01"
              }
            ],
            "can_ip_forward": true,
            "confidential_instance_config": [],
            "cpu_platform": "Intel Cascade Lake",
            "current_status": "RUNNING",
            "deletion_protection": false,
            "description": "",
            "desired_status": null,
            "enable_display": true,
            "guest_accelerator": [],
            "hostname": "",
            "id": "projects/meraki-vmx-398309/zones/us-east1-b/instances/us-hub01",
            "instance_id": "4841526235733907321",
            "label_fingerprint": "42WmSpB8rSM=",
            "labels": null,
            "machine_type": "c2-standard-4",
            "metadata": {
              "token": "2813e2a4d8ebbe7c05e3d7b103217d0a/173e5f0727d57d8122e21d640cc16f6265929a300aab98506e363069bb17f65da377296f1af2b013534a6622d4e1d9b4da6ad04a2f2d310b2838edea36992583/2e87ebd2bc8c4db42790798cbcb696fab7d6f8ec7184ad52ec4183df27f4afcf"
            },
            "metadata_fingerprint": "11iwsCLHLRE=",
            "metadata_startup_script": null,
            "min_cpu_platform": "",
            "name": "us-hub01",
            "network_interface": [
              {
                "access_config": [
                  {
                    "nat_ip": "35.211.54.241",
                    "network_tier": "STANDARD",
                    "public_ptr_domain_name": ""
                  }
                ],
                "alias_ip_range": [],
                "ipv6_access_config": [],
                "ipv6_access_type": "",
                "name": "nic0",
                "network": "https://www.googleapis.com/compute/v1/projects/meraki-vmx-398309/global/networks/hub-vpc",
                "network_ip": "192.168.10.2",
                "nic_type": "GVNIC",
                "queue_count": 0,
                "stack_type": "IPV4_ONLY",
                "subnetwork": "https://www.googleapis.com/compute/v1/projects/meraki-vmx-398309/regions/us-east1/subnetworks/vmx-subnet",
                "subnetwork_project": "meraki-vmx-398309"
              }
            ],
            "network_performance_config": [],
            "params": [],
            "project": "meraki-vmx-398309",
            "reservation_affinity": [],
            "resource_policies": null,
            "scheduling": [
              {
                "automatic_restart": true,
                "instance_termination_action": "",
                "local_ssd_recovery_timeout": [],
                "min_node_cpus": 0,
                "node_affinities": [],
                "on_host_maintenance": "MIGRATE",
                "preemptible": false,
                "provisioning_model": "STANDARD"
              }
            ],
            "scratch_disk": [],
            "self_link": "https://www.googleapis.com/compute/v1/projects/meraki-vmx-398309/zones/us-east1-b/instances/us-hub01",
            "service_account": [],
            "shielded_instance_config": [],
            "tags": [
              "http-server",
              "https-server"
            ],
            "tags_fingerprint": "6smc4R4d39I=",
            "timeouts": null,
            "zone": "us-east1-b"
          },
          "sensitive_attributes": [],
          "private": "eyJlMmJmYjczMC1lY2FhLTExZTYtOGY4OC0zNDM2M2JjN2M0YzAiOnsiY3JlYXRlIjoxMjAwMDAwMDAwMDAwLCJkZWxldGUiOjEyMDAwMDAwMDAwMDAsInVwZGF0ZSI6MTIwMDAwMDAwMDAwMH0sInNjaGVtYV92ZXJzaW9uIjoiNiJ9",
          "dependencies": [
            "module.create_compute.data.google_compute_network.my_network",
            "module.create_compute.data.google_compute_subnetwork.my_subnet",
            "module.create_vpc.google_compute_network.my_network",
            "module.create_vpc.google_compute_subnetwork.my_subnet",
            "module.create_vpc_peering.data.google_compute_network.hub_network",
            "module.create_vpc_peering.data.google_compute_network.spoke_network",
            "module.create_vpc_peering.google_compute_network_peering.peering1",
            "module.create_vpc_peering.google_compute_network_peering.peering2",
            "module.create_workload_vpc.google_compute_network.my_network",
            "module.create_workload_vpc.google_compute_subnetwork.my_subnet"
          ]
        }
      ]
    },
    {
      "module": "module.create_ncc",
      "mode": "managed",
      "type": "google_network_connectivity_hub",
      "name": "my_hub",
      "provider": "provider[\"registry.terraform.io/hashicorp/google\"]",
      "instances": [
        {
          "schema_version": 0,
          "attributes": {
            "create_time": "2023-09-20T12:44:57.995637447Z",
            "description": "My NCC Hub",
            "id": "projects/meraki-vmx-398309/locations/global/hubs/gcphub",
            "labels": null,
            "name": "gcphub",
            "project": "meraki-vmx-398309",
            "routing_vpcs": [],
            "state": "ACTIVE",
            "timeouts": null,
            "unique_id": "79299411-48e9-4489-a187-c949bf6e060c",
            "update_time": "2023-09-20T12:45:11.427144444Z"
          },
          "sensitive_attributes": [],
          "private": "eyJlMmJmYjczMC1lY2FhLTExZTYtOGY4OC0zNDM2M2JjN2M0YzAiOnsiY3JlYXRlIjoxMjAwMDAwMDAwMDAwLCJkZWxldGUiOjEyMDAwMDAwMDAwMDAsInVwZGF0ZSI6MTIwMDAwMDAwMDAwMH19"
        }
      ]
    },
    {
      "module": "module.create_spoke",
      "mode": "data",
      "type": "google_compute_instance",
      "name": "instance",
      "provider": "provider[\"registry.terraform.io/hashicorp/google\"]",
      "instances": [
        {
          "schema_version": 0,
          "attributes": {
            "advanced_machine_features": null,
            "allow_stopping_for_update": null,
            "attached_disk": [],
            "boot_disk": [
              {
                "auto_delete": true,
                "device_name": "persistent-disk-0",
                "disk_encryption_key_raw": "",
                "disk_encryption_key_sha256": "",
                "initialize_params": [
                  {
                    "image": "https://www.googleapis.com/compute/v1/projects/cisco-public/global/images/meraki-vmx-16-10",
                    "labels": {},
                    "resource_manager_tags": {},
                    "size": 3,
                    "type": "pd-standard"
                  }
                ],
                "kms_key_self_link": "",
                "mode": "READ_WRITE",
                "source": "https://www.googleapis.com/compute/v1/projects/meraki-vmx-398309/zones/us-east1-b/disks/us-hub01"
              }
            ],
            "can_ip_forward": true,
            "confidential_instance_config": null,
            "cpu_platform": "Intel Cascade Lake",
            "current_status": "RUNNING",
            "deletion_protection": false,
            "description": null,
            "desired_status": null,
            "enable_display": true,
            "guest_accelerator": [],
            "hostname": null,
            "id": "projects/meraki-vmx-398309/zones/us-east1-b/instances/us-hub01",
            "instance_id": "4841526235733907321",
            "label_fingerprint": "42WmSpB8rSM=",
            "labels": {},
            "machine_type": "c2-standard-4",
            "metadata": {
              "token": "2813e2a4d8ebbe7c05e3d7b103217d0a/173e5f0727d57d8122e21d640cc16f6265929a300aab98506e363069bb17f65da377296f1af2b013534a6622d4e1d9b4da6ad04a2f2d310b2838edea36992583/2e87ebd2bc8c4db42790798cbcb696fab7d6f8ec7184ad52ec4183df27f4afcf"
            },
            "metadata_fingerprint": "11iwsCLHLRE=",
            "metadata_startup_script": null,
            "min_cpu_platform": "",
            "name": "us-hub01",
            "network_interface": [
              {
                "access_config": [
                  {
                    "nat_ip": "35.211.54.241",
                    "network_tier": "STANDARD",
                    "public_ptr_domain_name": ""
                  }
                ],
                "alias_ip_range": [],
                "ipv6_access_config": [],
                "ipv6_access_type": "",
                "name": "nic0",
                "network": "https://www.googleapis.com/compute/v1/projects/meraki-vmx-398309/global/networks/hub-vpc",
                "network_ip": "192.168.10.2",
                "nic_type": "GVNIC",
                "queue_count": 0,
                "stack_type": "IPV4_ONLY",
                "subnetwork": "https://www.googleapis.com/compute/v1/projects/meraki-vmx-398309/regions/us-east1/subnetworks/vmx-subnet",
                "subnetwork_project": "meraki-vmx-398309"
              }
            ],
            "network_performance_config": null,
            "params": null,
            "project": "meraki-vmx-398309",
            "reservation_affinity": null,
            "resource_policies": null,
            "scheduling": [
              {
                "automatic_restart": true,
                "instance_termination_action": "",
                "local_ssd_recovery_timeout": [],
                "min_node_cpus": 0,
                "node_affinities": [],
                "on_host_maintenance": "MIGRATE",
                "preemptible": false,
                "provisioning_model": "STANDARD"
              }
            ],
            "scratch_disk": [],
            "self_link": "https://www.googleapis.com/compute/v1/projects/meraki-vmx-398309/zones/us-east1-b/instances/us-hub01",
            "service_account": [],
            "shielded_instance_config": [],
            "tags": [
              "http-server",
              "https-server"
            ],
            "tags_fingerprint": "6smc4R4d39I=",
            "zone": "us-east1-b"
          },
          "sensitive_attributes": []
        }
      ]
    },
    {
      "module": "module.create_spoke",
      "mode": "data",
      "type": "google_compute_network",
      "name": "spoke_network",
      "provider": "provider[\"registry.terraform.io/hashicorp/google\"]",
      "instances": [
        {
          "schema_version": 0,
          "attributes": {
            "description": "",
            "gateway_ipv4": "",
            "id": "projects/meraki-vmx-398309/global/networks/hub-vpc",
            "name": "hub-vpc",
            "project": null,
            "self_link": "https://www.googleapis.com/compute/v1/projects/meraki-vmx-398309/global/networks/hub-vpc",
            "subnetworks_self_links": [
              "https://www.googleapis.com/compute/v1/projects/meraki-vmx-398309/regions/us-east1/subnetworks/vmx-subnet"
            ]
          },
          "sensitive_attributes": []
        }
      ]
    },
    {
      "module": "module.create_spoke",
      "mode": "data",
      "type": "google_compute_subnetwork",
      "name": "hub-subnetwork",
      "provider": "provider[\"registry.terraform.io/hashicorp/google\"]",
      "instances": [
        {
          "schema_version": 0,
          "attributes": {
            "description": "",
            "gateway_address": "192.168.10.1",
            "id": "projects/meraki-vmx-398309/regions/us-east1/subnetworks/vmx-subnet",
            "ip_cidr_range": "192.168.10.0/24",
            "name": "vmx-subnet",
            "network": "https://www.googleapis.com/compute/v1/projects/meraki-vmx-398309/global/networks/hub-vpc",
            "private_ip_google_access": false,
            "project": "meraki-vmx-398309",
            "region": "us-east1",
            "secondary_ip_range": [],
            "self_link": "https://www.googleapis.com/compute/v1/projects/meraki-vmx-398309/regions/us-east1/subnetworks/vmx-subnet"
          },
          "sensitive_attributes": []
        }
      ]
    },
    {
      "module": "module.create_spoke",
      "mode": "managed",
      "type": "google_compute_router",
      "name": "cloud_router",
      "provider": "provider[\"registry.terraform.io/hashicorp/google\"]",
      "instances": [
        {
          "schema_version": 0,
          "attributes": {
            "bgp": [
              {
                "advertise_mode": "DEFAULT",
                "advertised_groups": null,
                "advertised_ip_ranges": [],
                "asn": 65001,
                "keepalive_interval": 20
              }
            ],
            "creation_timestamp": "2023-09-20T05:46:32.926-07:00",
            "description": "",
            "encrypted_interconnect_router": false,
            "id": "projects/meraki-vmx-398309/regions/us-east1/routers/cldrtr01",
            "name": "cldrtr01",
            "network": "https://www.googleapis.com/compute/v1/projects/meraki-vmx-398309/global/networks/hub-vpc",
            "project": "meraki-vmx-398309",
            "region": "us-east1",
            "self_link": "https://www.googleapis.com/compute/v1/projects/meraki-vmx-398309/regions/us-east1/routers/cldrtr01",
            "timeouts": null
          },
          "sensitive_attributes": [],
          "private": "eyJlMmJmYjczMC1lY2FhLTExZTYtOGY4OC0zNDM2M2JjN2M0YzAiOnsiY3JlYXRlIjoxMjAwMDAwMDAwMDAwLCJkZWxldGUiOjEyMDAwMDAwMDAwMDAsInVwZGF0ZSI6MTIwMDAwMDAwMDAwMH19",
          "dependencies": [
            "data.terraform_remote_state.localtfstate",
            "module.create_compute.data.google_compute_network.my_network",
            "module.create_compute.data.google_compute_subnetwork.my_subnet",
            "module.create_compute.google_compute_instance.my_instance",
            "module.create_ncc.google_network_connectivity_hub.my_hub",
            "module.create_spoke.data.google_compute_network.spoke_network",
            "module.create_vpc.google_compute_network.my_network",
            "module.create_vpc.google_compute_subnetwork.my_subnet",
            "module.create_vpc_peering.data.google_compute_network.hub_network",
            "module.create_vpc_peering.data.google_compute_network.spoke_network",
            "module.create_vpc_peering.google_compute_network_peering.peering1",
            "module.create_vpc_peering.google_compute_network_peering.peering2",
            "module.create_workload_vpc.google_compute_network.my_network",
            "module.create_workload_vpc.google_compute_subnetwork.my_subnet",
            "null_resource.wait_for_output_ncchub"
          ]
        }
      ]
    },
    {
      "module": "module.create_spoke",
      "mode": "managed",
      "type": "google_compute_router_interface",
      "name": "interface_1",
      "provider": "provider[\"registry.terraform.io/hashicorp/google\"]",
      "instances": [
        {
          "schema_version": 0,
          "attributes": {
            "id": "us-east1/cldrtr01/interface-1",
            "interconnect_attachment": "",
            "ip_range": "192.168.10.5/24",
            "name": "interface-1",
            "private_ip_address": "192.168.10.5",
            "project": "meraki-vmx-398309",
            "redundant_interface": "",
            "region": "us-east1",
            "router": "cldrtr01",
            "subnetwork": "https://www.googleapis.com/compute/v1/projects/meraki-vmx-398309/regions/us-east1/subnetworks/vmx-subnet",
            "timeouts": null,
            "vpn_tunnel": ""
          },
          "sensitive_attributes": [],
          "private": "eyJlMmJmYjczMC1lY2FhLTExZTYtOGY4OC0zNDM2M2JjN2M0YzAiOnsiY3JlYXRlIjoyNDAwMDAwMDAwMDAsImRlbGV0ZSI6MjQwMDAwMDAwMDAwfX0=",
          "dependencies": [
            "data.terraform_remote_state.localtfstate",
            "module.create_compute.data.google_compute_network.my_network",
            "module.create_compute.data.google_compute_subnetwork.my_subnet",
            "module.create_compute.google_compute_instance.my_instance",
            "module.create_ncc.google_network_connectivity_hub.my_hub",
            "module.create_spoke.data.google_compute_network.spoke_network",
            "module.create_spoke.data.google_compute_subnetwork.hub-subnetwork",
            "module.create_spoke.google_compute_router.cloud_router",
            "module.create_vpc.google_compute_network.my_network",
            "module.create_vpc.google_compute_subnetwork.my_subnet",
            "module.create_vpc_peering.data.google_compute_network.hub_network",
            "module.create_vpc_peering.data.google_compute_network.spoke_network",
            "module.create_vpc_peering.google_compute_network_peering.peering1",
            "module.create_vpc_peering.google_compute_network_peering.peering2",
            "module.create_workload_vpc.google_compute_network.my_network",
            "module.create_workload_vpc.google_compute_subnetwork.my_subnet",
            "null_resource.wait_for_output_ncchub"
          ]
        }
      ]
    },
    {
      "module": "module.create_spoke",
      "mode": "managed",
      "type": "google_compute_router_interface",
      "name": "interface_2",
      "provider": "provider[\"registry.terraform.io/hashicorp/google\"]",
      "instances": [
        {
          "schema_version": 0,
          "attributes": {
            "id": "us-east1/cldrtr01/interface-2",
            "interconnect_attachment": "",
            "ip_range": "192.168.10.6/24",
            "name": "interface-2",
            "private_ip_address": "192.168.10.6",
            "project": "meraki-vmx-398309",
            "redundant_interface": "interface-1",
            "region": "us-east1",
            "router": "cldrtr01",
            "subnetwork": "https://www.googleapis.com/compute/v1/projects/meraki-vmx-398309/regions/us-east1/subnetworks/vmx-subnet",
            "timeouts": null,
            "vpn_tunnel": ""
          },
          "sensitive_attributes": [],
          "private": "eyJlMmJmYjczMC1lY2FhLTExZTYtOGY4OC0zNDM2M2JjN2M0YzAiOnsiY3JlYXRlIjoyNDAwMDAwMDAwMDAsImRlbGV0ZSI6MjQwMDAwMDAwMDAwfX0=",
          "dependencies": [
            "data.terraform_remote_state.localtfstate",
            "module.create_compute.data.google_compute_network.my_network",
            "module.create_compute.data.google_compute_subnetwork.my_subnet",
            "module.create_compute.google_compute_instance.my_instance",
            "module.create_ncc.google_network_connectivity_hub.my_hub",
            "module.create_spoke.data.google_compute_network.spoke_network",
            "module.create_spoke.data.google_compute_subnetwork.hub-subnetwork",
            "module.create_spoke.google_compute_router.cloud_router",
            "module.create_spoke.google_compute_router_interface.interface_1",
            "module.create_vpc.google_compute_network.my_network",
            "module.create_vpc.google_compute_subnetwork.my_subnet",
            "module.create_vpc_peering.data.google_compute_network.hub_network",
            "module.create_vpc_peering.data.google_compute_network.spoke_network",
            "module.create_vpc_peering.google_compute_network_peering.peering1",
            "module.create_vpc_peering.google_compute_network_peering.peering2",
            "module.create_workload_vpc.google_compute_network.my_network",
            "module.create_workload_vpc.google_compute_subnetwork.my_subnet",
            "null_resource.wait_for_output_ncchub"
          ]
        }
      ]
    },
    {
      "module": "module.create_spoke",
      "mode": "managed",
      "type": "google_compute_router_peer",
      "name": "cldrtr_peer1",
      "provider": "provider[\"registry.terraform.io/hashicorp/google\"]",
      "instances": [
        {
          "schema_version": 0,
          "attributes": {
            "advertise_mode": "CUSTOM",
            "advertised_groups": [
              "ALL_SUBNETS"
            ],
            "advertised_ip_ranges": [
              {
                "description": "",
                "range": "192.168.20.0/24"
              }
            ],
            "advertised_route_priority": 0,
            "bfd": [
              {
                "min_receive_interval": 1000,
                "min_transmit_interval": 1000,
                "multiplier": 5,
                "session_initialization_mode": "DISABLED"
              }
            ],
            "enable": true,
            "enable_ipv6": false,
            "id": "projects/meraki-vmx-398309/regions/us-east1/routers/cldrtr01/peer-1",
            "interface": "interface-1",
            "ip_address": "192.168.10.5",
            "ipv6_nexthop_address": "",
            "management_type": "",
            "name": "peer-1",
            "peer_asn": 65513,
            "peer_ip_address": "192.168.10.2",
            "peer_ipv6_nexthop_address": "",
            "project": "meraki-vmx-398309",
            "region": "us-east1",
            "router": "cldrtr01",
            "router_appliance_instance": "https://www.googleapis.com/compute/v1/projects/meraki-vmx-398309/zones/us-east1-b/instances/us-hub01",
            "timeouts": null
          },
          "sensitive_attributes": [],
          "private": "eyJlMmJmYjczMC1lY2FhLTExZTYtOGY4OC0zNDM2M2JjN2M0YzAiOnsiY3JlYXRlIjoxMjAwMDAwMDAwMDAwLCJkZWxldGUiOjEyMDAwMDAwMDAwMDAsInVwZGF0ZSI6MTIwMDAwMDAwMDAwMH19",
          "dependencies": [
            "data.terraform_remote_state.localtfstate",
            "module.create_compute.data.google_compute_network.my_network",
            "module.create_compute.data.google_compute_subnetwork.my_subnet",
            "module.create_compute.google_compute_instance.my_instance",
            "module.create_ncc.google_network_connectivity_hub.my_hub",
            "module.create_spoke.data.google_compute_instance.instance",
            "module.create_spoke.data.google_compute_network.spoke_network",
            "module.create_spoke.data.google_compute_subnetwork.hub-subnetwork",
            "module.create_spoke.google_compute_router.cloud_router",
            "module.create_spoke.google_compute_router_interface.interface_1",
            "module.create_spoke.google_compute_router_interface.interface_2",
            "module.create_vpc.google_compute_network.my_network",
            "module.create_vpc.google_compute_subnetwork.my_subnet",
            "module.create_vpc_peering.data.google_compute_network.hub_network",
            "module.create_vpc_peering.data.google_compute_network.spoke_network",
            "module.create_vpc_peering.google_compute_network_peering.peering1",
            "module.create_vpc_peering.google_compute_network_peering.peering2",
            "module.create_workload_vpc.google_compute_network.my_network",
            "module.create_workload_vpc.google_compute_subnetwork.my_subnet",
            "null_resource.wait_for_output_ncchub"
          ]
        }
      ]
    },
    {
      "module": "module.create_spoke",
      "mode": "managed",
      "type": "google_compute_router_peer",
      "name": "cldrtr_peer2",
      "provider": "provider[\"registry.terraform.io/hashicorp/google\"]",
      "instances": [
        {
          "schema_version": 0,
          "attributes": {
            "advertise_mode": "CUSTOM",
            "advertised_groups": [
              "ALL_SUBNETS"
            ],
            "advertised_ip_ranges": [
              {
                "description": "",
                "range": "192.168.20.0/24"
              }
            ],
            "advertised_route_priority": 0,
            "bfd": [
              {
                "min_receive_interval": 1000,
                "min_transmit_interval": 1000,
                "multiplier": 5,
                "session_initialization_mode": "DISABLED"
              }
            ],
            "enable": true,
            "enable_ipv6": false,
            "id": "projects/meraki-vmx-398309/regions/us-east1/routers/cldrtr01/peer-2",
            "interface": "interface-2",
            "ip_address": "192.168.10.6",
            "ipv6_nexthop_address": "",
            "management_type": "",
            "name": "peer-2",
            "peer_asn": 65513,
            "peer_ip_address": "192.168.10.2",
            "peer_ipv6_nexthop_address": "",
            "project": "meraki-vmx-398309",
            "region": "us-east1",
            "router": "cldrtr01",
            "router_appliance_instance": "https://www.googleapis.com/compute/v1/projects/meraki-vmx-398309/zones/us-east1-b/instances/us-hub01",
            "timeouts": null
          },
          "sensitive_attributes": [],
          "private": "eyJlMmJmYjczMC1lY2FhLTExZTYtOGY4OC0zNDM2M2JjN2M0YzAiOnsiY3JlYXRlIjoxMjAwMDAwMDAwMDAwLCJkZWxldGUiOjEyMDAwMDAwMDAwMDAsInVwZGF0ZSI6MTIwMDAwMDAwMDAwMH19",
          "dependencies": [
            "data.terraform_remote_state.localtfstate",
            "module.create_compute.data.google_compute_network.my_network",
            "module.create_compute.data.google_compute_subnetwork.my_subnet",
            "module.create_compute.google_compute_instance.my_instance",
            "module.create_ncc.google_network_connectivity_hub.my_hub",
            "module.create_spoke.data.google_compute_instance.instance",
            "module.create_spoke.data.google_compute_network.spoke_network",
            "module.create_spoke.data.google_compute_subnetwork.hub-subnetwork",
            "module.create_spoke.google_compute_router.cloud_router",
            "module.create_spoke.google_compute_router_interface.interface_1",
            "module.create_spoke.google_compute_router_interface.interface_2",
            "module.create_vpc.google_compute_network.my_network",
            "module.create_vpc.google_compute_subnetwork.my_subnet",
            "module.create_vpc_peering.data.google_compute_network.hub_network",
            "module.create_vpc_peering.data.google_compute_network.spoke_network",
            "module.create_vpc_peering.google_compute_network_peering.peering1",
            "module.create_vpc_peering.google_compute_network_peering.peering2",
            "module.create_workload_vpc.google_compute_network.my_network",
            "module.create_workload_vpc.google_compute_subnetwork.my_subnet",
            "null_resource.wait_for_output_ncchub"
          ]
        }
      ]
    },
    {
      "module": "module.create_spoke",
      "mode": "managed",
      "type": "google_network_connectivity_spoke",
      "name": "primary",
      "provider": "provider[\"registry.terraform.io/hashicorp/google\"]",
      "instances": [
        {
          "schema_version": 0,
          "attributes": {
            "create_time": "2023-09-20T12:46:36.658271163Z",
            "description": "A sample spoke with a linked router appliance instance",
            "hub": "projects/meraki-vmx-398309/locations/global/hubs/gcphub",
            "id": "projects/meraki-vmx-398309/locations/us-east1/spokes/spoke1",
            "labels": null,
            "linked_interconnect_attachments": [],
            "linked_router_appliance_instances": [
              {
                "instances": [
                  {
                    "ip_address": "192.168.10.2",
                    "virtual_machine": "https://www.googleapis.com/compute/v1/projects/meraki-vmx-398309/zones/us-east1-b/instances/us-hub01"
                  }
                ],
                "site_to_site_data_transfer": true
              }
            ],
            "linked_vpn_tunnels": [],
            "location": "us-east1",
            "name": "spoke1",
            "project": "meraki-vmx-398309",
            "state": "ACTIVE",
            "timeouts": null,
            "unique_id": "fe79f442-6bba-42d7-800e-fd5a9f4ead02",
            "update_time": "2023-09-20T12:46:54.664422312Z"
          },
          "sensitive_attributes": [],
          "private": "eyJlMmJmYjczMC1lY2FhLTExZTYtOGY4OC0zNDM2M2JjN2M0YzAiOnsiY3JlYXRlIjoxMjAwMDAwMDAwMDAwLCJkZWxldGUiOjEyMDAwMDAwMDAwMDAsInVwZGF0ZSI6MTIwMDAwMDAwMDAwMH19",
          "dependencies": [
            "data.terraform_remote_state.localtfstate",
            "module.create_compute.data.google_compute_network.my_network",
            "module.create_compute.data.google_compute_subnetwork.my_subnet",
            "module.create_compute.google_compute_instance.my_instance",
            "module.create_ncc.google_network_connectivity_hub.my_hub",
            "module.create_spoke.data.google_compute_instance.instance",
            "module.create_vpc.google_compute_network.my_network",
            "module.create_vpc.google_compute_subnetwork.my_subnet",
            "module.create_vpc_peering.data.google_compute_network.hub_network",
            "module.create_vpc_peering.data.google_compute_network.spoke_network",
            "module.create_vpc_peering.google_compute_network_peering.peering1",
            "module.create_vpc_peering.google_compute_network_peering.peering2",
            "module.create_workload_vpc.google_compute_network.my_network",
            "module.create_workload_vpc.google_compute_subnetwork.my_subnet",
            "null_resource.wait_for_output_ncchub"
          ]
        }
      ]
    },
    {
      "module": "module.create_vpc",
      "mode": "managed",
      "type": "google_compute_network",
      "name": "my_network",
      "provider": "provider[\"registry.terraform.io/hashicorp/google\"]",
      "instances": [
        {
          "schema_version": 0,
          "attributes": {
            "auto_create_subnetworks": false,
            "delete_default_routes_on_create": false,
            "description": "",
            "enable_ula_internal_ipv6": false,
            "gateway_ipv4": "",
            "id": "projects/meraki-vmx-398309/global/networks/hub-vpc",
            "internal_ipv6_range": "",
            "mtu": 0,
            "name": "hub-vpc",
            "network_firewall_policy_enforcement_order": "AFTER_CLASSIC_FIREWALL",
            "project": "meraki-vmx-398309",
            "routing_mode": "REGIONAL",
            "self_link": "https://www.googleapis.com/compute/v1/projects/meraki-vmx-398309/global/networks/hub-vpc",
            "timeouts": null
          },
          "sensitive_attributes": [],
          "private": "eyJlMmJmYjczMC1lY2FhLTExZTYtOGY4OC0zNDM2M2JjN2M0YzAiOnsiY3JlYXRlIjoxMjAwMDAwMDAwMDAwLCJkZWxldGUiOjEyMDAwMDAwMDAwMDAsInVwZGF0ZSI6MTIwMDAwMDAwMDAwMH19"
        }
      ]
    },
    {
      "module": "module.create_vpc",
      "mode": "managed",
      "type": "google_compute_subnetwork",
      "name": "my_subnet",
      "provider": "provider[\"registry.terraform.io/hashicorp/google\"]",
      "instances": [
        {
          "schema_version": 0,
          "attributes": {
            "creation_timestamp": "2023-09-20T05:45:08.538-07:00",
            "description": "",
            "external_ipv6_prefix": "",
            "fingerprint": null,
            "gateway_address": "192.168.10.1",
            "id": "projects/meraki-vmx-398309/regions/us-east1/subnetworks/vmx-subnet",
            "ip_cidr_range": "192.168.10.0/24",
            "ipv6_access_type": "",
            "ipv6_cidr_range": "",
            "log_config": [],
            "name": "vmx-subnet",
            "network": "https://www.googleapis.com/compute/v1/projects/meraki-vmx-398309/global/networks/hub-vpc",
            "private_ip_google_access": false,
            "private_ipv6_google_access": "DISABLE_GOOGLE_ACCESS",
            "project": "meraki-vmx-398309",
            "purpose": "PRIVATE",
            "region": "us-east1",
            "role": "",
            "secondary_ip_range": [],
            "self_link": "https://www.googleapis.com/compute/v1/projects/meraki-vmx-398309/regions/us-east1/subnetworks/vmx-subnet",
            "stack_type": "IPV4_ONLY",
            "timeouts": null
          },
          "sensitive_attributes": [],
          "private": "eyJlMmJmYjczMC1lY2FhLTExZTYtOGY4OC0zNDM2M2JjN2M0YzAiOnsiY3JlYXRlIjoxMjAwMDAwMDAwMDAwLCJkZWxldGUiOjEyMDAwMDAwMDAwMDAsInVwZGF0ZSI6MTIwMDAwMDAwMDAwMH19",
          "dependencies": [
            "module.create_vpc.google_compute_network.my_network"
          ]
        }
      ]
    },
    {
      "module": "module.create_vpc_peering",
      "mode": "data",
      "type": "google_compute_network",
      "name": "hub_network",
      "provider": "provider[\"registry.terraform.io/hashicorp/google\"]",
      "instances": [
        {
          "schema_version": 0,
          "attributes": {
            "description": "",
            "gateway_ipv4": "",
            "id": "projects/meraki-vmx-398309/global/networks/hub-vpc",
            "name": "hub-vpc",
            "project": null,
            "self_link": "https://www.googleapis.com/compute/v1/projects/meraki-vmx-398309/global/networks/hub-vpc",
            "subnetworks_self_links": [
              "https://www.googleapis.com/compute/v1/projects/meraki-vmx-398309/regions/us-east1/subnetworks/vmx-subnet"
            ]
          },
          "sensitive_attributes": []
        }
      ]
    },
    {
      "module": "module.create_vpc_peering",
      "mode": "data",
      "type": "google_compute_network",
      "name": "spoke_network",
      "provider": "provider[\"registry.terraform.io/hashicorp/google\"]",
      "instances": [
        {
          "schema_version": 0,
          "attributes": {
            "description": "",
            "gateway_ipv4": "",
            "id": "projects/meraki-vmx-398309/global/networks/workload-vpc",
            "name": "workload-vpc",
            "project": null,
            "self_link": "https://www.googleapis.com/compute/v1/projects/meraki-vmx-398309/global/networks/workload-vpc",
            "subnetworks_self_links": [
              "https://www.googleapis.com/compute/v1/projects/meraki-vmx-398309/regions/us-east1/subnetworks/workload-subnet"
            ]
          },
          "sensitive_attributes": []
        }
      ]
    },
    {
      "module": "module.create_vpc_peering",
      "mode": "managed",
      "type": "google_compute_network_peering",
      "name": "peering1",
      "provider": "provider[\"registry.terraform.io/hashicorp/google\"]",
      "instances": [
        {
          "schema_version": 0,
          "attributes": {
            "export_custom_routes": true,
            "export_subnet_routes_with_public_ip": true,
            "id": "hub-vpc/peering1",
            "import_custom_routes": true,
            "import_subnet_routes_with_public_ip": false,
            "name": "peering1",
            "network": "https://www.googleapis.com/compute/v1/projects/meraki-vmx-398309/global/networks/hub-vpc",
            "peer_network": "https://www.googleapis.com/compute/v1/projects/meraki-vmx-398309/global/networks/workload-vpc",
            "stack_type": "IPV4_ONLY",
            "state": "INACTIVE",
            "state_details": "[2023-09-20T05:45:35.166-07:00]: Waiting for peer network to connect.",
            "timeouts": null
          },
          "sensitive_attributes": [],
          "private": "eyJlMmJmYjczMC1lY2FhLTExZTYtOGY4OC0zNDM2M2JjN2M0YzAiOnsiY3JlYXRlIjoyNDAwMDAwMDAwMDAsImRlbGV0ZSI6MjQwMDAwMDAwMDAwLCJ1cGRhdGUiOjI0MDAwMDAwMDAwMH19",
          "dependencies": [
            "module.create_vpc.google_compute_network.my_network",
            "module.create_vpc.google_compute_subnetwork.my_subnet",
            "module.create_vpc_peering.data.google_compute_network.hub_network",
            "module.create_vpc_peering.data.google_compute_network.spoke_network",
            "module.create_workload_vpc.google_compute_network.my_network",
            "module.create_workload_vpc.google_compute_subnetwork.my_subnet"
          ]
        }
      ]
    },
    {
      "module": "module.create_vpc_peering",
      "mode": "managed",
      "type": "google_compute_network_peering",
      "name": "peering2",
      "provider": "provider[\"registry.terraform.io/hashicorp/google\"]",
      "instances": [
        {
          "schema_version": 0,
          "attributes": {
            "export_custom_routes": true,
            "export_subnet_routes_with_public_ip": true,
            "id": "workload-vpc/peering2",
            "import_custom_routes": true,
            "import_subnet_routes_with_public_ip": false,
            "name": "peering2",
            "network": "https://www.googleapis.com/compute/v1/projects/meraki-vmx-398309/global/networks/workload-vpc",
            "peer_network": "https://www.googleapis.com/compute/v1/projects/meraki-vmx-398309/global/networks/hub-vpc",
            "stack_type": "IPV4_ONLY",
            "state": "ACTIVE",
            "state_details": "[2023-09-20T05:45:51.464-07:00]: Connected.",
            "timeouts": null
          },
          "sensitive_attributes": [],
          "private": "eyJlMmJmYjczMC1lY2FhLTExZTYtOGY4OC0zNDM2M2JjN2M0YzAiOnsiY3JlYXRlIjoyNDAwMDAwMDAwMDAsImRlbGV0ZSI6MjQwMDAwMDAwMDAwLCJ1cGRhdGUiOjI0MDAwMDAwMDAwMH19",
          "dependencies": [
            "module.create_vpc.google_compute_network.my_network",
            "module.create_vpc.google_compute_subnetwork.my_subnet",
            "module.create_vpc_peering.data.google_compute_network.hub_network",
            "module.create_vpc_peering.data.google_compute_network.spoke_network",
            "module.create_workload_vpc.google_compute_network.my_network",
            "module.create_workload_vpc.google_compute_subnetwork.my_subnet"
          ]
        }
      ]
    },
    {
      "module": "module.create_workload_compute",
      "mode": "data",
      "type": "google_compute_network",
      "name": "my_network",
      "provider": "provider[\"registry.terraform.io/hashicorp/google\"]",
      "instances": [
        {
          "schema_version": 0,
          "attributes": {
            "description": "",
            "gateway_ipv4": "",
            "id": "projects/meraki-vmx-398309/global/networks/workload-vpc",
            "name": "workload-vpc",
            "project": null,
            "self_link": "https://www.googleapis.com/compute/v1/projects/meraki-vmx-398309/global/networks/workload-vpc",
            "subnetworks_self_links": [
              "https://www.googleapis.com/compute/v1/projects/meraki-vmx-398309/regions/us-east1/subnetworks/workload-subnet"
            ]
          },
          "sensitive_attributes": []
        }
      ]
    },
    {
      "module": "module.create_workload_compute",
      "mode": "data",
      "type": "google_compute_subnetwork",
      "name": "my_subnet",
      "provider": "provider[\"registry.terraform.io/hashicorp/google\"]",
      "instances": [
        {
          "schema_version": 0,
          "attributes": {
            "description": "",
            "gateway_address": "192.168.20.1",
            "id": "projects/meraki-vmx-398309/regions/us-east1/subnetworks/workload-subnet",
            "ip_cidr_range": "192.168.20.0/24",
            "name": "workload-subnet",
            "network": "https://www.googleapis.com/compute/v1/projects/meraki-vmx-398309/global/networks/workload-vpc",
            "private_ip_google_access": false,
            "project": "meraki-vmx-398309",
            "region": "us-east1",
            "secondary_ip_range": [],
            "self_link": "https://www.googleapis.com/compute/v1/projects/meraki-vmx-398309/regions/us-east1/subnetworks/workload-subnet"
          },
          "sensitive_attributes": []
        }
      ]
    },
    {
      "module": "module.create_workload_compute",
      "mode": "managed",
      "type": "google_compute_firewall",
      "name": "allow_ssh",
      "provider": "provider[\"registry.terraform.io/hashicorp/google\"]",
      "instances": [
        {
          "schema_version": 1,
          "attributes": {
            "allow": [
              {
                "ports": [
                  "22"
                ],
                "protocol": "tcp"
              },
              {
                "ports": [],
                "protocol": "icmp"
              }
            ],
            "creation_timestamp": "2023-09-20T05:46:12.083-07:00",
            "deny": [],
            "description": "",
            "destination_ranges": [],
            "direction": "INGRESS",
            "disabled": false,
            "enable_logging": null,
            "id": "projects/meraki-vmx-398309/global/firewalls/allow-ssh",
            "log_config": [],
            "name": "allow-ssh",
            "network": "https://www.googleapis.com/compute/v1/projects/meraki-vmx-398309/global/networks/workload-vpc",
            "priority": 1000,
            "project": "meraki-vmx-398309",
            "self_link": "https://www.googleapis.com/compute/v1/projects/meraki-vmx-398309/global/firewalls/allow-ssh",
            "source_ranges": [
              "0.0.0.0/0"
            ],
            "source_service_accounts": null,
            "source_tags": null,
            "target_service_accounts": null,
            "target_tags": [
              "allow-ssh"
            ],
            "timeouts": null
          },
          "sensitive_attributes": [],
          "private": "eyJlMmJmYjczMC1lY2FhLTExZTYtOGY4OC0zNDM2M2JjN2M0YzAiOnsiY3JlYXRlIjoxMjAwMDAwMDAwMDAwLCJkZWxldGUiOjEyMDAwMDAwMDAwMDAsInVwZGF0ZSI6MTIwMDAwMDAwMDAwMH0sInNjaGVtYV92ZXJzaW9uIjoiMSJ9",
          "dependencies": [
            "module.create_vpc.google_compute_network.my_network",
            "module.create_vpc.google_compute_subnetwork.my_subnet",
            "module.create_vpc_peering.data.google_compute_network.hub_network",
            "module.create_vpc_peering.data.google_compute_network.spoke_network",
            "module.create_vpc_peering.google_compute_network_peering.peering1",
            "module.create_vpc_peering.google_compute_network_peering.peering2",
            "module.create_workload_compute.data.google_compute_network.my_network",
            "module.create_workload_vpc.google_compute_network.my_network",
            "module.create_workload_vpc.google_compute_subnetwork.my_subnet"
          ]
        }
      ]
    },
    {
      "module": "module.create_workload_compute",
      "mode": "managed",
      "type": "google_compute_instance",
      "name": "my_instance",
      "provider": "provider[\"registry.terraform.io/hashicorp/google\"]",
      "instances": [
        {
          "schema_version": 6,
          "attributes": {
            "advanced_machine_features": [],
            "allow_stopping_for_update": null,
            "attached_disk": [],
            "boot_disk": [
              {
                "auto_delete": true,
                "device_name": "persistent-disk-0",
                "disk_encryption_key_raw": "",
                "disk_encryption_key_sha256": "",
                "initialize_params": [
                  {
                    "image": "https://www.googleapis.com/compute/v1/projects/debian-cloud/global/images/debian-11-bullseye-v20230912",
                    "labels": {},
                    "resource_manager_tags": null,
                    "size": 10,
                    "type": "pd-standard"
                  }
                ],
                "kms_key_self_link": "",
                "mode": "READ_WRITE",
                "source": "https://www.googleapis.com/compute/v1/projects/meraki-vmx-398309/zones/us-east1-b/disks/us-workload01"
              }
            ],
            "can_ip_forward": false,
            "confidential_instance_config": [],
            "cpu_platform": "Intel Haswell",
            "current_status": "RUNNING",
            "deletion_protection": false,
            "description": "",
            "desired_status": null,
            "enable_display": false,
            "guest_accelerator": [],
            "hostname": "",
            "id": "projects/meraki-vmx-398309/zones/us-east1-b/instances/us-workload01",
            "instance_id": "2764284815059933049",
            "label_fingerprint": "42WmSpB8rSM=",
            "labels": null,
            "machine_type": "f1-micro",
            "metadata": null,
            "metadata_fingerprint": "VY1xViktbyc=",
            "metadata_startup_script": null,
            "min_cpu_platform": "",
            "name": "us-workload01",
            "network_interface": [
              {
                "access_config": [
                  {
                    "nat_ip": "34.148.254.151",
                    "network_tier": "PREMIUM",
                    "public_ptr_domain_name": ""
                  }
                ],
                "alias_ip_range": [],
                "ipv6_access_config": [],
                "ipv6_access_type": "",
                "name": "nic0",
                "network": "https://www.googleapis.com/compute/v1/projects/meraki-vmx-398309/global/networks/workload-vpc",
                "network_ip": "192.168.20.2",
                "nic_type": "",
                "queue_count": 0,
                "stack_type": "IPV4_ONLY",
                "subnetwork": "https://www.googleapis.com/compute/v1/projects/meraki-vmx-398309/regions/us-east1/subnetworks/workload-subnet",
                "subnetwork_project": "meraki-vmx-398309"
              }
            ],
            "network_performance_config": [],
            "params": [],
            "project": "meraki-vmx-398309",
            "reservation_affinity": [],
            "resource_policies": null,
            "scheduling": [
              {
                "automatic_restart": true,
                "instance_termination_action": "",
                "local_ssd_recovery_timeout": [],
                "min_node_cpus": 0,
                "node_affinities": [],
                "on_host_maintenance": "MIGRATE",
                "preemptible": false,
                "provisioning_model": "STANDARD"
              }
            ],
            "scratch_disk": [],
            "self_link": "https://www.googleapis.com/compute/v1/projects/meraki-vmx-398309/zones/us-east1-b/instances/us-workload01",
            "service_account": [],
            "shielded_instance_config": [
              {
                "enable_integrity_monitoring": true,
                "enable_secure_boot": false,
                "enable_vtpm": true
              }
            ],
            "tags": [
              "allow-ssh"
            ],
            "tags_fingerprint": "SFX9LNAOdG8=",
            "timeouts": null,
            "zone": "us-east1-b"
          },
          "sensitive_attributes": [],
          "private": "eyJlMmJmYjczMC1lY2FhLTExZTYtOGY4OC0zNDM2M2JjN2M0YzAiOnsiY3JlYXRlIjoxMjAwMDAwMDAwMDAwLCJkZWxldGUiOjEyMDAwMDAwMDAwMDAsInVwZGF0ZSI6MTIwMDAwMDAwMDAwMH0sInNjaGVtYV92ZXJzaW9uIjoiNiJ9",
          "dependencies": [
            "module.create_vpc.google_compute_network.my_network",
            "module.create_vpc.google_compute_subnetwork.my_subnet",
            "module.create_vpc_peering.data.google_compute_network.hub_network",
            "module.create_vpc_peering.data.google_compute_network.spoke_network",
            "module.create_vpc_peering.google_compute_network_peering.peering1",
            "module.create_vpc_peering.google_compute_network_peering.peering2",
            "module.create_workload_compute.data.google_compute_network.my_network",
            "module.create_workload_compute.data.google_compute_subnetwork.my_subnet",
            "module.create_workload_vpc.google_compute_network.my_network",
            "module.create_workload_vpc.google_compute_subnetwork.my_subnet"
          ]
        }
      ]
    },
    {
      "module": "module.create_workload_vpc",
      "mode": "managed",
      "type": "google_compute_network",
      "name": "my_network",
      "provider": "provider[\"registry.terraform.io/hashicorp/google\"]",
      "instances": [
        {
          "schema_version": 0,
          "attributes": {
            "auto_create_subnetworks": false,
            "delete_default_routes_on_create": false,
            "description": "",
            "enable_ula_internal_ipv6": false,
            "gateway_ipv4": "",
            "id": "projects/meraki-vmx-398309/global/networks/workload-vpc",
            "internal_ipv6_range": "",
            "mtu": 0,
            "name": "workload-vpc",
            "network_firewall_policy_enforcement_order": "AFTER_CLASSIC_FIREWALL",
            "project": "meraki-vmx-398309",
            "routing_mode": "REGIONAL",
            "self_link": "https://www.googleapis.com/compute/v1/projects/meraki-vmx-398309/global/networks/workload-vpc",
            "timeouts": null
          },
          "sensitive_attributes": [],
          "private": "eyJlMmJmYjczMC1lY2FhLTExZTYtOGY4OC0zNDM2M2JjN2M0YzAiOnsiY3JlYXRlIjoxMjAwMDAwMDAwMDAwLCJkZWxldGUiOjEyMDAwMDAwMDAwMDAsInVwZGF0ZSI6MTIwMDAwMDAwMDAwMH19"
        }
      ]
    },
    {
      "module": "module.create_workload_vpc",
      "mode": "managed",
      "type": "google_compute_subnetwork",
      "name": "my_subnet",
      "provider": "provider[\"registry.terraform.io/hashicorp/google\"]",
      "instances": [
        {
          "schema_version": 0,
          "attributes": {
            "creation_timestamp": "2023-09-20T05:45:20.134-07:00",
            "description": "",
            "external_ipv6_prefix": "",
            "fingerprint": null,
            "gateway_address": "192.168.20.1",
            "id": "projects/meraki-vmx-398309/regions/us-east1/subnetworks/workload-subnet",
            "ip_cidr_range": "192.168.20.0/24",
            "ipv6_access_type": "",
            "ipv6_cidr_range": "",
            "log_config": [],
            "name": "workload-subnet",
            "network": "https://www.googleapis.com/compute/v1/projects/meraki-vmx-398309/global/networks/workload-vpc",
            "private_ip_google_access": false,
            "private_ipv6_google_access": "DISABLE_GOOGLE_ACCESS",
            "project": "meraki-vmx-398309",
            "purpose": "PRIVATE",
            "region": "us-east1",
            "role": "",
            "secondary_ip_range": [],
            "self_link": "https://www.googleapis.com/compute/v1/projects/meraki-vmx-398309/regions/us-east1/subnetworks/workload-subnet",
            "stack_type": "IPV4_ONLY",
            "timeouts": null
          },
          "sensitive_attributes": [],
          "private": "eyJlMmJmYjczMC1lY2FhLTExZTYtOGY4OC0zNDM2M2JjN2M0YzAiOnsiY3JlYXRlIjoxMjAwMDAwMDAwMDAwLCJkZWxldGUiOjEyMDAwMDAwMDAwMDAsInVwZGF0ZSI6MTIwMDAwMDAwMDAwMH19",
          "dependencies": [
            "module.create_workload_vpc.google_compute_network.my_network"
          ]
        }
      ]
    }
  ]
}
